
Microsoft Visual Studio Solution File, Format Version 12.00
# Visual Studio Version 17
VisualStudioVersion = 17.14.36518.9 d17.14
MinimumVisualStudioVersion = 10.0.40219.1
Project("{FAE04EC0-301F-11D3-BF4B-00C04F79EFBC}") = "Calculos", "Calculos\Calculos.csproj", "{992FC165-5799-4CCD-8B6D-76267C4D98F3}"
EndProject
Global
	GlobalSection(SolutionConfigurationPlatforms) = preSolution
		Debug|Any CPU = Debug|Any CPU
		Release|Any CPU = Release|Any CPU
	EndGlobalSection
	GlobalSection(ProjectConfigurationPlatforms) = postSolution
		{992FC165-5799-4CCD-8B6D-76267C4D98F3}.Debug|Any CPU.ActiveCfg = Debug|Any CPU
		{992FC165-5799-4CCD-8B6D-76267C4D98F3}.Debug|Any CPU.Build.0 = Debug|Any CPU
		{992FC165-5799-4CCD-8B6D-76267C4D98F3}.Release|Any CPU.ActiveCfg = Release|Any CPU
		{992FC165-5799-4CCD-8B6D-76267C4D98F3}.Release|Any CPU.Build.0 = Release|Any CPU
	EndGlobalSection
	GlobalSection(SolutionProperties) = preSolution
		HideSolutionNode = FALSE
	EndGlobalSection
	GlobalSection(ExtensibilityGlobals) = postSolution
		SolutionGuid = {11AFF2DA-2B75-4F98-9FD8-B01BC4D5FC85}
	EndGlobalSection
EndGlobal
