
Microsoft Visual Studio Solution File, Format Version 12.00
# Visual Studio Version 17
VisualStudioVersion = 17.14.36518.9 d17.14
MinimumVisualStudioVersion = 10.0.40219.1
Project("{FAE04EC0-301F-11D3-BF4B-00C04F79EFBC}") = "MostrandoData", "MostrandoData\MostrandoData.csproj", "{D648182A-F0EA-44BF-9DA5-577F37F99899}"
EndProject
Global
	GlobalSection(SolutionConfigurationPlatforms) = preSolution
		Debug|Any CPU = Debug|Any CPU
		Release|Any CPU = Release|Any CPU
	EndGlobalSection
	GlobalSection(ProjectConfigurationPlatforms) = postSolution
		{D648182A-F0EA-44BF-9DA5-577F37F99899}.Debug|Any CPU.ActiveCfg = Debug|Any CPU
		{D648182A-F0EA-44BF-9DA5-577F37F99899}.Debug|Any CPU.Build.0 = Debug|Any CPU
		{D648182A-F0EA-44BF-9DA5-577F37F99899}.Release|Any CPU.ActiveCfg = Release|Any CPU
		{D648182A-F0EA-44BF-9DA5-577F37F99899}.Release|Any CPU.Build.0 = Release|Any CPU
	EndGlobalSection
	GlobalSection(SolutionProperties) = preSolution
		HideSolutionNode = FALSE
	EndGlobalSection
	GlobalSection(ExtensibilityGlobals) = postSolution
		SolutionGuid = {18727A9C-0F39-4727-A086-F4BD7EDE08DA}
	EndGlobalSection
EndGlobal
