
Microsoft Visual Studio Solution File, Format Version 12.00
# Visual Studio Version 17
VisualStudioVersion = 17.14.36518.9 d17.14
MinimumVisualStudioVersion = 10.0.40219.1
Project("{FAE04EC0-301F-11D3-BF4B-00C04F79EFBC}") = "DigitePalavras", "DigitePalavras\DigitePalavras.csproj", "{FADC48EA-3EC4-4737-AC3D-2749193CEB15}"
EndProject
Global
	GlobalSection(SolutionConfigurationPlatforms) = preSolution
		Debug|Any CPU = Debug|Any CPU
		Release|Any CPU = Release|Any CPU
	EndGlobalSection
	GlobalSection(ProjectConfigurationPlatforms) = postSolution
		{FADC48EA-3EC4-4737-AC3D-2749193CEB15}.Debug|Any CPU.ActiveCfg = Debug|Any CPU
		{FADC48EA-3EC4-4737-AC3D-2749193CEB15}.Debug|Any CPU.Build.0 = Debug|Any CPU
		{FADC48EA-3EC4-4737-AC3D-2749193CEB15}.Release|Any CPU.ActiveCfg = Release|Any CPU
		{FADC48EA-3EC4-4737-AC3D-2749193CEB15}.Release|Any CPU.Build.0 = Release|Any CPU
	EndGlobalSection
	GlobalSection(SolutionProperties) = preSolution
		HideSolutionNode = FALSE
	EndGlobalSection
	GlobalSection(ExtensibilityGlobals) = postSolution
		SolutionGuid = {3DCD67EA-4558-4B42-ADA1-D5C358CA4F94}
	EndGlobalSection
EndGlobal
